
Microsoft Visual Studio Solution File, Format Version 12.00
# Visual Studio Version 17
VisualStudioVersion = 17.14.36414.22
MinimumVisualStudioVersion = 10.0.40219.1
Project("{FAE04EC0-301F-11D3-BF4B-00C04F79EFBC}") = "REAssetExplorer.App", "REAssetExplorer.UI\REAssetExplorer.App.csproj", "{FC93D85E-95F7-4329-8329-E4D378DFDE69}"
EndProject
Project("{FAE04EC0-301F-11D3-BF4B-00C04F79EFBC}") = "REAssetExplorer.Core", "REAssetExplorer.Core\REAssetExplorer.Core.csproj", "{32E1E95A-F7AF-47AF-85F3-E0180C892ED2}"
EndProject
Project("{FAE04EC0-301F-11D3-BF4B-00C04F79EFBC}") = "REAssetExplorer.Games.RE7", "REAssetExplorer.Games.RE7\REAssetExplorer.Games.RE7.csproj", "{08538E7C-0145-44B9-A824-7BCA92F9E54C}"
EndProject
Project("{FAE04EC0-301F-11D3-BF4B-00C04F79EFBC}") = "REAssetExplorer.Games.RE8", "REAssetExplorer.Games.RE8\REAssetExplorer.Games.RE8.csproj", "{F959875C-E8AE-4D1C-9807-0C760EAE2E56}"
EndProject
Project("{FAE04EC0-301F-11D3-BF4B-00C04F79EFBC}") = "REAssetExplorer.Testing", "REAssetExplorer.Testing\REAssetExplorer.Testing.csproj", "{19047DEE-AFF5-4FCE-BF5C-BEF2D24E5D74}"
EndProject
Project("{FAE04EC0-301F-11D3-BF4B-00C04F79EFBC}") = "REAssetExplorer.RenderTest", "REAssetExplorer.RenderTest\REAssetExplorer.RenderTest.csproj", "{5B423118-5779-4367-8B8C-F7870B19AAA1}"
EndProject
Project("{8BC9CEB8-8B4A-11D0-8D11-00A0C91BC942}") = "REAssetExplorer.Shaders", "REAssetExplorer.Shaders\REAssetExplorer.Shaders.vcxproj", "{BD02F612-5ACA-4B44-8434-9F0A665C2FA8}"
EndProject
Project("{FAE04EC0-301F-11D3-BF4B-00C04F79EFBC}") = "REAssetExplorer.Rendering", "REAssetExplorer.Rendering\REAssetExplorer.Rendering.csproj", "{FED6293E-6F9D-3B80-0150-40A1B967774D}"
EndProject
Project("{FAE04EC0-301F-11D3-BF4B-00C04F79EFBC}") = "REAssetExplorer.RenderTest2", "REAssetExplorer.RenderTest2\REAssetExplorer.RenderTest2.csproj", "{36682091-6FDF-48C2-9D0F-5D8721BF136E}"
EndProject
Global
	GlobalSection(SolutionConfigurationPlatforms) = preSolution
		Debug|Any CPU = Debug|Any CPU
		Debug|x64 = Debug|x64
		Debug|x86 = Debug|x86
		Release|Any CPU = Release|Any CPU
		Release|x64 = Release|x64
		Release|x86 = Release|x86
	EndGlobalSection
	GlobalSection(ProjectConfigurationPlatforms) = postSolution
		{FC93D85E-95F7-4329-8329-E4D378DFDE69}.Debug|Any CPU.ActiveCfg = Debug|Any CPU
		{FC93D85E-95F7-4329-8329-E4D378DFDE69}.Debug|Any CPU.Build.0 = Debug|Any CPU
		{FC93D85E-95F7-4329-8329-E4D378DFDE69}.Debug|x64.ActiveCfg = Debug|Any CPU
		{FC93D85E-95F7-4329-8329-E4D378DFDE69}.Debug|x64.Build.0 = Debug|Any CPU
		{FC93D85E-95F7-4329-8329-E4D378DFDE69}.Debug|x86.ActiveCfg = Debug|Any CPU
		{FC93D85E-95F7-4329-8329-E4D378DFDE69}.Debug|x86.Build.0 = Debug|Any CPU
		{FC93D85E-95F7-4329-8329-E4D378DFDE69}.Release|Any CPU.ActiveCfg = Release|Any CPU
		{FC93D85E-95F7-4329-8329-E4D378DFDE69}.Release|Any CPU.Build.0 = Release|Any CPU
		{FC93D85E-95F7-4329-8329-E4D378DFDE69}.Release|x64.ActiveCfg = Release|Any CPU
		{FC93D85E-95F7-4329-8329-E4D378DFDE69}.Release|x64.Build.0 = Release|Any CPU
		{FC93D85E-95F7-4329-8329-E4D378DFDE69}.Release|x86.ActiveCfg = Release|Any CPU
		{FC93D85E-95F7-4329-8329-E4D378DFDE69}.Release|x86.Build.0 = Release|Any CPU
		{32E1E95A-F7AF-47AF-85F3-E0180C892ED2}.Debug|Any CPU.ActiveCfg = Debug|Any CPU
		{32E1E95A-F7AF-47AF-85F3-E0180C892ED2}.Debug|Any CPU.Build.0 = Debug|Any CPU
		{32E1E95A-F7AF-47AF-85F3-E0180C892ED2}.Debug|x64.ActiveCfg = Debug|Any CPU
		{32E1E95A-F7AF-47AF-85F3-E0180C892ED2}.Debug|x64.Build.0 = Debug|Any CPU
		{32E1E95A-F7AF-47AF-85F3-E0180C892ED2}.Debug|x86.ActiveCfg = Debug|Any CPU
		{32E1E95A-F7AF-47AF-85F3-E0180C892ED2}.Debug|x86.Build.0 = Debug|Any CPU
		{32E1E95A-F7AF-47AF-85F3-E0180C892ED2}.Release|Any CPU.ActiveCfg = Release|Any CPU
		{32E1E95A-F7AF-47AF-85F3-E0180C892ED2}.Release|Any CPU.Build.0 = Release|Any CPU
		{32E1E95A-F7AF-47AF-85F3-E0180C892ED2}.Release|x64.ActiveCfg = Release|Any CPU
		{32E1E95A-F7AF-47AF-85F3-E0180C892ED2}.Release|x64.Build.0 = Release|Any CPU
		{32E1E95A-F7AF-47AF-85F3-E0180C892ED2}.Release|x86.ActiveCfg = Release|Any CPU
		{32E1E95A-F7AF-47AF-85F3-E0180C892ED2}.Release|x86.Build.0 = Release|Any CPU
		{08538E7C-0145-44B9-A824-7BCA92F9E54C}.Debug|Any CPU.ActiveCfg = Debug|Any CPU
		{08538E7C-0145-44B9-A824-7BCA92F9E54C}.Debug|Any CPU.Build.0 = Debug|Any CPU
		{08538E7C-0145-44B9-A824-7BCA92F9E54C}.Debug|x64.ActiveCfg = Debug|Any CPU
		{08538E7C-0145-44B9-A824-7BCA92F9E54C}.Debug|x64.Build.0 = Debug|Any CPU
		{08538E7C-0145-44B9-A824-7BCA92F9E54C}.Debug|x86.ActiveCfg = Debug|Any CPU
		{08538E7C-0145-44B9-A824-7BCA92F9E54C}.Debug|x86.Build.0 = Debug|Any CPU
		{08538E7C-0145-44B9-A824-7BCA92F9E54C}.Release|Any CPU.ActiveCfg = Release|Any CPU
		{08538E7C-0145-44B9-A824-7BCA92F9E54C}.Release|Any CPU.Build.0 = Release|Any CPU
		{08538E7C-0145-44B9-A824-7BCA92F9E54C}.Release|x64.ActiveCfg = Release|Any CPU
		{08538E7C-0145-44B9-A824-7BCA92F9E54C}.Release|x64.Build.0 = Release|Any CPU
		{08538E7C-0145-44B9-A824-7BCA92F9E54C}.Release|x86.ActiveCfg = Release|Any CPU
		{08538E7C-0145-44B9-A824-7BCA92F9E54C}.Release|x86.Build.0 = Release|Any CPU
		{F959875C-E8AE-4D1C-9807-0C760EAE2E56}.Debug|Any CPU.ActiveCfg = Debug|Any CPU
		{F959875C-E8AE-4D1C-9807-0C760EAE2E56}.Debug|Any CPU.Build.0 = Debug|Any CPU
		{F959875C-E8AE-4D1C-9807-0C760EAE2E56}.Debug|x64.ActiveCfg = Debug|Any CPU
		{F959875C-E8AE-4D1C-9807-0C760EAE2E56}.Debug|x64.Build.0 = Debug|Any CPU
		{F959875C-E8AE-4D1C-9807-0C760EAE2E56}.Debug|x86.ActiveCfg = Debug|Any CPU
		{F959875C-E8AE-4D1C-9807-0C760EAE2E56}.Debug|x86.Build.0 = Debug|Any CPU
		{F959875C-E8AE-4D1C-9807-0C760EAE2E56}.Release|Any CPU.ActiveCfg = Release|Any CPU
		{F959875C-E8AE-4D1C-9807-0C760EAE2E56}.Release|Any CPU.Build.0 = Release|Any CPU
		{F959875C-E8AE-4D1C-9807-0C760EAE2E56}.Release|x64.ActiveCfg = Release|Any CPU
		{F959875C-E8AE-4D1C-9807-0C760EAE2E56}.Release|x64.Build.0 = Release|Any CPU
		{F959875C-E8AE-4D1C-9807-0C760EAE2E56}.Release|x86.ActiveCfg = Release|Any CPU
		{F959875C-E8AE-4D1C-9807-0C760EAE2E56}.Release|x86.Build.0 = Release|Any CPU
		{19047DEE-AFF5-4FCE-BF5C-BEF2D24E5D74}.Debug|Any CPU.ActiveCfg = Debug|Any CPU
		{19047DEE-AFF5-4FCE-BF5C-BEF2D24E5D74}.Debug|Any CPU.Build.0 = Debug|Any CPU
		{19047DEE-AFF5-4FCE-BF5C-BEF2D24E5D74}.Debug|x64.ActiveCfg = Debug|Any CPU
		{19047DEE-AFF5-4FCE-BF5C-BEF2D24E5D74}.Debug|x64.Build.0 = Debug|Any CPU
		{19047DEE-AFF5-4FCE-BF5C-BEF2D24E5D74}.Debug|x86.ActiveCfg = Debug|Any CPU
		{19047DEE-AFF5-4FCE-BF5C-BEF2D24E5D74}.Debug|x86.Build.0 = Debug|Any CPU
		{19047DEE-AFF5-4FCE-BF5C-BEF2D24E5D74}.Release|Any CPU.ActiveCfg = Release|Any CPU
		{19047DEE-AFF5-4FCE-BF5C-BEF2D24E5D74}.Release|Any CPU.Build.0 = Release|Any CPU
		{19047DEE-AFF5-4FCE-BF5C-BEF2D24E5D74}.Release|x64.ActiveCfg = Release|Any CPU
		{19047DEE-AFF5-4FCE-BF5C-BEF2D24E5D74}.Release|x64.Build.0 = Release|Any CPU
		{19047DEE-AFF5-4FCE-BF5C-BEF2D24E5D74}.Release|x86.ActiveCfg = Release|Any CPU
		{19047DEE-AFF5-4FCE-BF5C-BEF2D24E5D74}.Release|x86.Build.0 = Release|Any CPU
		{5B423118-5779-4367-8B8C-F7870B19AAA1}.Debug|Any CPU.ActiveCfg = Debug|Any CPU
		{5B423118-5779-4367-8B8C-F7870B19AAA1}.Debug|Any CPU.Build.0 = Debug|Any CPU
		{5B423118-5779-4367-8B8C-F7870B19AAA1}.Debug|x64.ActiveCfg = Debug|Any CPU
		{5B423118-5779-4367-8B8C-F7870B19AAA1}.Debug|x64.Build.0 = Debug|Any CPU
		{5B423118-5779-4367-8B8C-F7870B19AAA1}.Debug|x86.ActiveCfg = Debug|Any CPU
		{5B423118-5779-4367-8B8C-F7870B19AAA1}.Debug|x86.Build.0 = Debug|Any CPU
		{5B423118-5779-4367-8B8C-F7870B19AAA1}.Release|Any CPU.ActiveCfg = Release|Any CPU
		{5B423118-5779-4367-8B8C-F7870B19AAA1}.Release|Any CPU.Build.0 = Release|Any CPU
		{5B423118-5779-4367-8B8C-F7870B19AAA1}.Release|x64.ActiveCfg = Release|Any CPU
		{5B423118-5779-4367-8B8C-F7870B19AAA1}.Release|x64.Build.0 = Release|Any CPU
		{5B423118-5779-4367-8B8C-F7870B19AAA1}.Release|x86.ActiveCfg = Release|Any CPU
		{5B423118-5779-4367-8B8C-F7870B19AAA1}.Release|x86.Build.0 = Release|Any CPU
		{BD02F612-5ACA-4B44-8434-9F0A665C2FA8}.Debug|Any CPU.ActiveCfg = Debug|x64
		{BD02F612-5ACA-4B44-8434-9F0A665C2FA8}.Debug|Any CPU.Build.0 = Debug|x64
		{BD02F612-5ACA-4B44-8434-9F0A665C2FA8}.Debug|x64.ActiveCfg = Debug|x64
		{BD02F612-5ACA-4B44-8434-9F0A665C2FA8}.Debug|x64.Build.0 = Debug|x64
		{BD02F612-5ACA-4B44-8434-9F0A665C2FA8}.Debug|x86.ActiveCfg = Debug|Win32
		{BD02F612-5ACA-4B44-8434-9F0A665C2FA8}.Debug|x86.Build.0 = Debug|Win32
		{BD02F612-5ACA-4B44-8434-9F0A665C2FA8}.Release|Any CPU.ActiveCfg = Release|x64
		{BD02F612-5ACA-4B44-8434-9F0A665C2FA8}.Release|Any CPU.Build.0 = Release|x64
		{BD02F612-5ACA-4B44-8434-9F0A665C2FA8}.Release|x64.ActiveCfg = Release|x64
		{BD02F612-5ACA-4B44-8434-9F0A665C2FA8}.Release|x64.Build.0 = Release|x64
		{BD02F612-5ACA-4B44-8434-9F0A665C2FA8}.Release|x86.ActiveCfg = Release|Win32
		{BD02F612-5ACA-4B44-8434-9F0A665C2FA8}.Release|x86.Build.0 = Release|Win32
		{FED6293E-6F9D-3B80-0150-40A1B967774D}.Debug|Any CPU.ActiveCfg = Debug|Any CPU
		{FED6293E-6F9D-3B80-0150-40A1B967774D}.Debug|Any CPU.Build.0 = Debug|Any CPU
		{FED6293E-6F9D-3B80-0150-40A1B967774D}.Debug|x64.ActiveCfg = Debug|Any CPU
		{FED6293E-6F9D-3B80-0150-40A1B967774D}.Debug|x64.Build.0 = Debug|Any CPU
		{FED6293E-6F9D-3B80-0150-40A1B967774D}.Debug|x86.ActiveCfg = Debug|Any CPU
		{FED6293E-6F9D-3B80-0150-40A1B967774D}.Debug|x86.Build.0 = Debug|Any CPU
		{FED6293E-6F9D-3B80-0150-40A1B967774D}.Release|Any CPU.ActiveCfg = Release|Any CPU
		{FED6293E-6F9D-3B80-0150-40A1B967774D}.Release|Any CPU.Build.0 = Release|Any CPU
		{FED6293E-6F9D-3B80-0150-40A1B967774D}.Release|x64.ActiveCfg = Release|Any CPU
		{FED6293E-6F9D-3B80-0150-40A1B967774D}.Release|x64.Build.0 = Release|Any CPU
		{FED6293E-6F9D-3B80-0150-40A1B967774D}.Release|x86.ActiveCfg = Release|Any CPU
		{FED6293E-6F9D-3B80-0150-40A1B967774D}.Release|x86.Build.0 = Release|Any CPU
		{36682091-6FDF-48C2-9D0F-5D8721BF136E}.Debug|Any CPU.ActiveCfg = Debug|Any CPU
		{36682091-6FDF-48C2-9D0F-5D8721BF136E}.Debug|Any CPU.Build.0 = Debug|Any CPU
		{36682091-6FDF-48C2-9D0F-5D8721BF136E}.Debug|x64.ActiveCfg = Debug|Any CPU
		{36682091-6FDF-48C2-9D0F-5D8721BF136E}.Debug|x64.Build.0 = Debug|Any CPU
		{36682091-6FDF-48C2-9D0F-5D8721BF136E}.Debug|x86.ActiveCfg = Debug|Any CPU
		{36682091-6FDF-48C2-9D0F-5D8721BF136E}.Debug|x86.Build.0 = Debug|Any CPU
		{36682091-6FDF-48C2-9D0F-5D8721BF136E}.Release|Any CPU.ActiveCfg = Release|Any CPU
		{36682091-6FDF-48C2-9D0F-5D8721BF136E}.Release|Any CPU.Build.0 = Release|Any CPU
		{36682091-6FDF-48C2-9D0F-5D8721BF136E}.Release|x64.ActiveCfg = Release|Any CPU
		{36682091-6FDF-48C2-9D0F-5D8721BF136E}.Release|x64.Build.0 = Release|Any CPU
		{36682091-6FDF-48C2-9D0F-5D8721BF136E}.Release|x86.ActiveCfg = Release|Any CPU
		{36682091-6FDF-48C2-9D0F-5D8721BF136E}.Release|x86.Build.0 = Release|Any CPU
	EndGlobalSection
	GlobalSection(SolutionProperties) = preSolution
		HideSolutionNode = FALSE
	EndGlobalSection
	GlobalSection(ExtensibilityGlobals) = postSolution
		SolutionGuid = {F9059668-47E1-4955-B3D4-677CBB63D9E5}
	EndGlobalSection
EndGlobal
