Microsoft Visual Studio Solution File, Format Version 12.00
# Visual Studio Version 17
VisualStudioVersion = 17.5.2.0
MinimumVisualStudioVersion = 10.0.40219.1
Project("{FAE04EC0-301F-11D3-BF4B-00C04F79EFBC}") = "REAssetExplorer.TestUI", "REAssetExplorer.TestUI.csproj", "{873A5C4C-4377-0685-6FD0-8993ABB9A025}"
EndProject
Global
	GlobalSection(SolutionConfigurationPlatforms) = preSolution
		Debug|Any CPU = Debug|Any CPU
		Release|Any CPU = Release|Any CPU
	EndGlobalSection
	GlobalSection(ProjectConfigurationPlatforms) = postSolution
		{873A5C4C-4377-0685-6FD0-8993ABB9A025}.Debug|Any CPU.ActiveCfg = Debug|Any CPU
		{873A5C4C-4377-0685-6FD0-8993ABB9A025}.Debug|Any CPU.Build.0 = Debug|Any CPU
		{873A5C4C-4377-0685-6FD0-8993ABB9A025}.Release|Any CPU.ActiveCfg = Release|Any CPU
		{873A5C4C-4377-0685-6FD0-8993ABB9A025}.Release|Any CPU.Build.0 = Release|Any CPU
	EndGlobalSection
	GlobalSection(SolutionProperties) = preSolution
		HideSolutionNode = FALSE
	EndGlobalSection
	GlobalSection(ExtensibilityGlobals) = postSolution
		SolutionGuid = {191159A7-BAE5-41C3-A015-6E1470A48A2D}
	EndGlobalSection
EndGlobal
